
Microsoft Visual Studio Solution File, Format Version 12.00
# Visual Studio Version 17
VisualStudioVersion = 17.12.35527.113
MinimumVisualStudioVersion = 10.0.40219.1
Project("{FAE04EC0-301F-11D3-BF4B-00C04F79EFBC}") = "warehouse_api", "warehouse_api.csproj", "{E70C0149-0FB4-4FAA-817F-E7C433121376}"
EndProject
Project("{FAE04EC0-301F-11D3-BF4B-00C04F79EFBC}") = "warehouseserver", "..\warehouseserver\warehouseserver.csproj", "{903FE31C-B5A2-4D87-AEF9-7CD6AA3F8D37}"
EndProject
Global
	GlobalSection(SolutionConfigurationPlatforms) = preSolution
		Debug|Any CPU = Debug|Any CPU
		Release|Any CPU = Release|Any CPU
	EndGlobalSection
	GlobalSection(ProjectConfigurationPlatforms) = postSolution
		{E70C0149-0FB4-4FAA-817F-E7C433121376}.Debug|Any CPU.ActiveCfg = Debug|Any CPU
		{E70C0149-0FB4-4FAA-817F-E7C433121376}.Debug|Any CPU.Build.0 = Debug|Any CPU
		{E70C0149-0FB4-4FAA-817F-E7C433121376}.Release|Any CPU.ActiveCfg = Release|Any CPU
		{E70C0149-0FB4-4FAA-817F-E7C433121376}.Release|Any CPU.Build.0 = Release|Any CPU
		{903FE31C-B5A2-4D87-AEF9-7CD6AA3F8D37}.Debug|Any CPU.ActiveCfg = Debug|Any CPU
		{903FE31C-B5A2-4D87-AEF9-7CD6AA3F8D37}.Debug|Any CPU.Build.0 = Debug|Any CPU
		{903FE31C-B5A2-4D87-AEF9-7CD6AA3F8D37}.Release|Any CPU.ActiveCfg = Release|Any CPU
		{903FE31C-B5A2-4D87-AEF9-7CD6AA3F8D37}.Release|Any CPU.Build.0 = Release|Any CPU
	EndGlobalSection
	GlobalSection(SolutionProperties) = preSolution
		HideSolutionNode = FALSE
	EndGlobalSection
EndGlobal
